{
    "_meta": {
        "hash": {
            "sha256": "69dcc53573389804c8a2f4c90fb080aee5ada7e47ac876f1ecb31f8eefdf122e"
        },
        "pipfile-spec": 6,
        "requires": {
            "python_version": "3.9"
        },
        "sources": [
            {
                "name": "pypi",
                "url": "https://pypi.org/simple",
                "verify_ssl": true
            }
        ]
    },
    "default": {
        "urllib3": {
            "hashes": [
                "sha256:39fb8672126159acb139a7718dd10806104dec1e2f0f6c88aab05d17df10c8d4",
                "sha256:f57b4c16c62fa2760b7e3d97c35b255512fb6b59a259730f36ba32ce9f8e342f"
            ],
            "index": "pypi",
            "version": "==1.26.6"
        }
    },
    "develop": {}
}
